// !$*UTF8*$!
{
	archiveVersion = 1;
	classes = {
	};
	objectVersion = 50;
	objects = {

/* Begin PBXBuildFile section */
		9860A0E12699CF1F0026FDC8 /* AppDelegate.swift in Sources */ = {isa = PBXBuildFile; fileRef = 9860A0E02699CF1F0026FDC8 /* AppDelegate.swift */; };
		9860A0E32699CF1F0026FDC8 /* SceneDelegate.swift in Sources */ = {isa = PBXBuildFile; fileRef = 9860A0E22699CF1F0026FDC8 /* SceneDelegate.swift */; };
		9860A0E52699CF1F0026FDC8 /* ViewController.swift in Sources */ = {isa = PBXBuildFile; fileRef = 9860A0E42699CF1F0026FDC8 /* ViewController.swift */; };
		9860A0E82699CF1F0026FDC8 /* Main.storyboard in Resources */ = {isa = PBXBuildFile; fileRef = 9860A0E62699CF1F0026FDC8 /* Main.storyboard */; };
		9860A0EB2699CF1F0026FDC8 /* MusicIZ.xcdatamodeld in Sources */ = {isa = PBXBuildFile; fileRef = 9860A0E92699CF1F0026FDC8 /* MusicIZ.xcdatamodeld */; };
		9860A0ED2699CF200026FDC8 /* Assets.xcassets in Resources */ = {isa = PBXBuildFile; fileRef = 9860A0EC2699CF200026FDC8 /* Assets.xcassets */; };
		9860A0F02699CF200026FDC8 /* LaunchScreen.storyboard in Resources */ = {isa = PBXBuildFile; fileRef = 9860A0EE2699CF200026FDC8 /* LaunchScreen.storyboard */; };
		9860A0FB269BD4700026FDC8 /* 파노라마.mp3 in Resources */ = {isa = PBXBuildFile; fileRef = 9860A0F8269BD4700026FDC8 /* 파노라마.mp3 */; };
		9860A0FC269BD4700026FDC8 /* 피에스타.mp3 in Resources */ = {isa = PBXBuildFile; fileRef = 9860A0F9269BD4700026FDC8 /* 피에스타.mp3 */; };
		9860A0FD269BD4700026FDC8 /* 환상동화.mp3 in Resources */ = {isa = PBXBuildFile; fileRef = 9860A0FA269BD4700026FDC8 /* 환상동화.mp3 */; };
		9860A0FF269BEB1C0026FDC8 /* PlayerViewController.swift in Sources */ = {isa = PBXBuildFile; fileRef = 9860A0FE269BEB1C0026FDC8 /* PlayerViewController.swift */; };
/* End PBXBuildFile section */

/* Begin PBXFileReference section */
		9860A0DD2699CF1F0026FDC8 /* MusicIZ.app */ = {isa = PBXFileReference; explicitFileType = wrapper.application; includeInIndex = 0; path = MusicIZ.app; sourceTree = BUILT_PRODUCTS_DIR; };
		9860A0E02699CF1F0026FDC8 /* AppDelegate.swift */ = {isa = PBXFileReference; lastKnownFileType = sourcecode.swift; path = AppDelegate.swift; sourceTree = "<group>"; };
		9860A0E22699CF1F0026FDC8 /* SceneDelegate.swift */ = {isa = PBXFileReference; lastKnownFileType = sourcecode.swift; path = SceneDelegate.swift; sourceTree = "<group>"; };
		9860A0E42699CF1F0026FDC8 /* ViewController.swift */ = {isa = PBXFileReference; lastKnownFileType = sourcecode.swift; path = ViewController.swift; sourceTree = "<group>"; };
		9860A0E72699CF1F0026FDC8 /* Base */ = {isa = PBXFileReference; lastKnownFileType = file.storyboard; name = Base; path = Base.lproj/Main.storyboard; sourceTree = "<group>"; };
		9860A0EA2699CF1F0026FDC8 /* MusicIZ.xcdatamodel */ = {isa = PBXFileReference; lastKnownFileType = wrapper.xcdatamodel; path = MusicIZ.xcdatamodel; sourceTree = "<group>"; };
		9860A0EC2699CF200026FDC8 /* Assets.xcassets */ = {isa = PBXFileReference; lastKnownFileType = folder.assetcatalog; path = Assets.xcassets; sourceTree = "<group>"; };
		9860A0EF2699CF200026FDC8 /* Base */ = {isa = PBXFileReference; lastKnownFileType = file.storyboard; name = Base; path = Base.lproj/LaunchScreen.storyboard; sourceTree = "<group>"; };
		9860A0F12699CF200026FDC8 /* Info.plist */ = {isa = PBXFileReference; lastKnownFileType = text.plist.xml; path = Info.plist; sourceTree = "<group>"; };
		9860A0F8269BD4700026FDC8 /* 파노라마.mp3 */ = {isa = PBXFileReference; lastKnownFileType = audio.mp3; path = "파노라마.mp3"; sourceTree = "<group>"; };
		9860A0F9269BD4700026FDC8 /* 피에스타.mp3 */ = {isa = PBXFileReference; lastKnownFileType = audio.mp3; path = "피에스타.mp3"; sourceTree = "<group>"; };
		9860A0FA269BD4700026FDC8 /* 환상동화.mp3 */ = {isa = PBXFileReference; lastKnownFileType = audio.mp3; path = "환상동화.mp3"; sourceTree = "<group>"; };
		9860A0FE269BEB1C0026FDC8 /* PlayerViewController.swift */ = {isa = PBXFileReference; lastKnownFileType = sourcecode.swift; path = PlayerViewController.swift; sourceTree = "<group>"; };
/* End PBXFileReference section */

/* Begin PBXFrameworksBuildPhase section */
		9860A0DA2699CF1F0026FDC8 /* Frameworks */ = {
			isa = PBXFrameworksBuildPhase;
			buildActionMask = 2147483647;
			files = (
			);
			runOnlyForDeploymentPostprocessing = 0;
		};
/* End PBXFrameworksBuildPhase section */

/* Begin PBXGroup section */
		9860A0D42699CF1F0026FDC8 = {
			isa = PBXGroup;
			children = (
				9860A0DF2699CF1F0026FDC8 /* MusicIZ */,
				9860A0DE2699CF1F0026FDC8 /* Products */,
			);
			sourceTree = "<group>";
		};
		9860A0DE2699CF1F0026FDC8 /* Products */ = {
			isa = PBXGroup;
			children = (
				9860A0DD2699CF1F0026FDC8 /* MusicIZ.app */,
			);
			name = Products;
			sourceTree = "<group>";
		};
		9860A0DF2699CF1F0026FDC8 /* MusicIZ */ = {
			isa = PBXGroup;
			children = (
				9860A0F7269BC4A20026FDC8 /* Audio */,
				9860A0E02699CF1F0026FDC8 /* AppDelegate.swift */,
				9860A0E22699CF1F0026FDC8 /* SceneDelegate.swift */,
				9860A0E42699CF1F0026FDC8 /* ViewController.swift */,
				9860A0E62699CF1F0026FDC8 /* Main.storyboard */,
				9860A0EC2699CF200026FDC8 /* Assets.xcassets */,
				9860A0EE2699CF200026FDC8 /* LaunchScreen.storyboard */,
				9860A0F12699CF200026FDC8 /* Info.plist */,
				9860A0E92699CF1F0026FDC8 /* MusicIZ.xcdatamodeld */,
				9860A0FE269BEB1C0026FDC8 /* PlayerViewController.swift */,
			);
			path = MusicIZ;
			sourceTree = "<group>";
		};
		9860A0F7269BC4A20026FDC8 /* Audio */ = {
			isa = PBXGroup;
			children = (
				9860A0F8269BD4700026FDC8 /* 파노라마.mp3 */,
				9860A0F9269BD4700026FDC8 /* 피에스타.mp3 */,
				9860A0FA269BD4700026FDC8 /* 환상동화.mp3 */,
			);
			path = Audio;
			sourceTree = "<group>";
		};
/* End PBXGroup section */

/* Begin PBXNativeTarget section */
		9860A0DC2699CF1F0026FDC8 /* MusicIZ */ = {
			isa = PBXNativeTarget;
			buildConfigurationList = 9860A0F42699CF200026FDC8 /* Build configuration list for PBXNativeTarget "MusicIZ" */;
			buildPhases = (
				9860A0D92699CF1F0026FDC8 /* Sources */,
				9860A0DA2699CF1F0026FDC8 /* Frameworks */,
				9860A0DB2699CF1F0026FDC8 /* Resources */,
			);
			buildRules = (
			);
			dependencies = (
			);
			name = MusicIZ;
			productName = MusicIZ;
			productReference = 9860A0DD2699CF1F0026FDC8 /* MusicIZ.app */;
			productType = "com.apple.product-type.application";
		};
/* End PBXNativeTarget section */

/* Begin PBXProject section */
		9860A0D52699CF1F0026FDC8 /* Project object */ = {
			isa = PBXProject;
			attributes = {
				LastSwiftUpdateCheck = 1250;
				LastUpgradeCheck = 1250;
				TargetAttributes = {
					9860A0DC2699CF1F0026FDC8 = {
						CreatedOnToolsVersion = 12.5.1;
					};
				};
			};
			buildConfigurationList = 9860A0D82699CF1F0026FDC8 /* Build configuration list for PBXProject "MusicIZ" */;
			compatibilityVersion = "Xcode 9.3";
			developmentRegion = en;
			hasScannedForEncodings = 0;
			knownRegions = (
				en,
				Base,
			);
			mainGroup = 9860A0D42699CF1F0026FDC8;
			productRefGroup = 9860A0DE2699CF1F0026FDC8 /* Products */;
			projectDirPath = "";
			projectRoot = "";
			targets = (
				9860A0DC2699CF1F0026FDC8 /* MusicIZ */,
			);
		};
/* End PBXProject section */

/* Begin PBXResourcesBuildPhase section */
		9860A0DB2699CF1F0026FDC8 /* Resources */ = {
			isa = PBXResourcesBuildPhase;
			buildActionMask = 2147483647;
			files = (
				9860A0FD269BD4700026FDC8 /* 환상동화.mp3 in Resources */,
				9860A0FB269BD4700026FDC8 /* 파노라마.mp3 in Resources */,
				9860A0F02699CF200026FDC8 /* LaunchScreen.storyboard in Resources */,
				9860A0ED2699CF200026FDC8 /* Assets.xcassets in Resources */,
				9860A0FC269BD4700026FDC8 /* 피에스타.mp3 in Resources */,
				9860A0E82699CF1F0026FDC8 /* Main.storyboard in Resources */,
			);
			runOnlyForDeploymentPostprocessing = 0;
		};
/* End PBXResourcesBuildPhase section */

/* Begin PBXSourcesBuildPhase section */
		9860A0D92699CF1F0026FDC8 /* Sources */ = {
			isa = PBXSourcesBuildPhase;
			buildActionMask = 2147483647;
			files = (
				9860A0EB2699CF1F0026FDC8 /* MusicIZ.xcdatamodeld in Sources */,
				9860A0E52699CF1F0026FDC8 /* ViewController.swift in Sources */,
				9860A0E12699CF1F0026FDC8 /* AppDelegate.swift in Sources */,
				9860A0E32699CF1F0026FDC8 /* SceneDelegate.swift in Sources */,
				9860A0FF269BEB1C0026FDC8 /* PlayerViewController.swift in Sources */,
			);
			runOnlyForDeploymentPostprocessing = 0;
		};
/* End PBXSourcesBuildPhase section */

/* Begin PBXVariantGroup section */
		9860A0E62699CF1F0026FDC8 /* Main.storyboard */ = {
			isa = PBXVariantGroup;
			children = (
				9860A0E72699CF1F0026FDC8 /* Base */,
			);
			name = Main.storyboard;
			sourceTree = "<group>";
		};
		9860A0EE2699CF200026FDC8 /* LaunchScreen.storyboard */ = {
			isa = PBXVariantGroup;
			children = (
				9860A0EF2699CF200026FDC8 /* Base */,
			);
			name = LaunchScreen.storyboard;
			sourceTree = "<group>";
		};
/* End PBXVariantGroup section */

/* Begin XCBuildConfiguration section */
		9860A0F22699CF200026FDC8 /* Debug */ = {
			isa = XCBuildConfiguration;
			buildSettings = {
				ALWAYS_SEARCH_USER_PATHS = NO;
				CLANG_ANALYZER_NONNULL = YES;
				CLANG_ANALYZER_NUMBER_OBJECT_CONVERSION = YES_AGGRESSIVE;
				CLANG_CXX_LANGUAGE_STANDARD = "gnu++14";
				CLANG_CXX_LIBRARY = "libc++";
				CLANG_ENABLE_MODULES = YES;
				CLANG_ENABLE_OBJC_ARC = YES;
				CLANG_ENABLE_OBJC_WEAK = YES;
				CLANG_WARN_BLOCK_CAPTURE_AUTORELEASING = YES;
				CLANG_WARN_BOOL_CONVERSION = YES;
				CLANG_WARN_COMMA = YES;
				CLANG_WARN_CONSTANT_CONVERSION = YES;
				CLANG_WARN_DEPRECATED_OBJC_IMPLEMENTATIONS = YES;
				CLANG_WARN_DIRECT_OBJC_ISA_USAGE = YES_ERROR;
				CLANG_WARN_DOCUMENTATION_COMMENTS = YES;
				CLANG_WARN_EMPTY_BODY = YES;
				CLANG_WARN_ENUM_CONVERSION = YES;
				CLANG_WARN_INFINITE_RECURSION = YES;
				CLANG_WARN_INT_CONVERSION = YES;
				CLANG_WARN_NON_LITERAL_NULL_CONVERSION = YES;
				CLANG_WARN_OBJC_IMPLICIT_RETAIN_SELF = YES;
				CLANG_WARN_OBJC_LITERAL_CONVERSION = YES;
				CLANG_WARN_OBJC_ROOT_CLASS = YES_ERROR;
				CLANG_WARN_QUOTED_INCLUDE_IN_FRAMEWORK_HEADER = YES;
				CLANG_WARN_RANGE_LOOP_ANALYSIS = YES;
				CLANG_WARN_STRICT_PROTOTYPES = YES;
				CLANG_WARN_SUSPICIOUS_MOVE = YES;
				CLANG_WARN_UNGUARDED_AVAILABILITY = YES_AGGRESSIVE;
				CLANG_WARN_UNREACHABLE_CODE = YES;
				CLANG_WARN__DUPLICATE_METHOD_MATCH = YES;
				COPY_PHASE_STRIP = NO;
				DEBUG_INFORMATION_FORMAT = dwarf;
				ENABLE_STRICT_OBJC_MSGSEND = YES;
				ENABLE_TESTABILITY = YES;
				GCC_C_LANGUAGE_STANDARD = gnu11;
				GCC_DYNAMIC_NO_PIC = NO;
				GCC_NO_COMMON_BLOCKS = YES;
				GCC_OPTIMIZATION_LEVEL = 0;
				GCC_PREPROCESSOR_DEFINITIONS = (
					"DEBUG=1",
					"$(inherited)",
				);
				GCC_WARN_64_TO_32_BIT_CONVERSION = YES;
				GCC_WARN_ABOUT_RETURN_TYPE = YES_ERROR;
				GCC_WARN_UNDECLARED_SELECTOR = YES;
				GCC_WARN_UNINITIALIZED_AUTOS = YES_AGGRESSIVE;
				GCC_WARN_UNUSED_FUNCTION = YES;
				GCC_WARN_UNUSED_VARIABLE = YES;
				IPHONEOS_DEPLOYMENT_TARGET = 14.5;
				MTL_ENABLE_DEBUG_INFO = INCLUDE_SOURCE;
				MTL_FAST_MATH = YES;
				ONLY_ACTIVE_ARCH = YES;
				SDKROOT = iphoneos;
				SWIFT_ACTIVE_COMPILATION_CONDITIONS = DEBUG;
				SWIFT_OPTIMIZATION_LEVEL = "-Onone";
			};
			name = Debug;
		};
		9860A0F32699CF200026FDC8 /* Release */ = {
			isa = XCBuildConfiguration;
			buildSettings = {
				ALWAYS_SEARCH_USER_PATHS = NO;
				CLANG_ANALYZER_NONNULL = YES;
				CLANG_ANALYZER_NUMBER_OBJECT_CONVERSION = YES_AGGRESSIVE;
				CLANG_CXX_LANGUAGE_STANDARD = "gnu++14";
				CLANG_CXX_LIBRARY = "libc++";
				CLANG_ENABLE_MODULES = YES;
				CLANG_ENABLE_OBJC_ARC = YES;
				CLANG_ENABLE_OBJC_WEAK = YES;
				CLANG_WARN_BLOCK_CAPTURE_AUTORELEASING = YES;
				CLANG_WARN_BOOL_CONVERSION = YES;
				CLANG_WARN_COMMA = YES;
				CLANG_WARN_CONSTANT_CONVERSION = YES;
				CLANG_WARN_DEPRECATED_OBJC_IMPLEMENTATIONS = YES;
				CLANG_WARN_DIRECT_OBJC_ISA_USAGE = YES_ERROR;
				CLANG_WARN_DOCUMENTATION_COMMENTS = YES;
				CLANG_WARN_EMPTY_BODY = YES;
				CLANG_WARN_ENUM_CONVERSION = YES;
				CLANG_WARN_INFINITE_RECURSION = YES;
				CLANG_WARN_INT_CONVERSION = YES;
				CLANG_WARN_NON_LITERAL_NULL_CONVERSION = YES;
				CLANG_WARN_OBJC_IMPLICIT_RETAIN_SELF = YES;
				CLANG_WARN_OBJC_LITERAL_CONVERSION = YES;
				CLANG_WARN_OBJC_ROOT_CLASS = YES_ERROR;
				CLANG_WARN_QUOTED_INCLUDE_IN_FRAMEWORK_HEADER = YES;
				CLANG_WARN_RANGE_LOOP_ANALYSIS = YES;
				CLANG_WARN_STRICT_PROTOTYPES = YES;
				CLANG_WARN_SUSPICIOUS_MOVE = YES;
				CLANG_WARN_UNGUARDED_AVAILABILITY = YES_AGGRESSIVE;
				CLANG_WARN_UNREACHABLE_CODE = YES;
				CLANG_WARN__DUPLICATE_METHOD_MATCH = YES;
				COPY_PHASE_STRIP = NO;
				DEBUG_INFORMATION_FORMAT = "dwarf-with-dsym";
				ENABLE_NS_ASSERTIONS = NO;
				ENABLE_STRICT_OBJC_MSGSEND = YES;
				GCC_C_LANGUAGE_STANDARD = gnu11;
				GCC_NO_COMMON_BLOCKS = YES;
				GCC_WARN_64_TO_32_BIT_CONVERSION = YES;
				GCC_WARN_ABOUT_RETURN_TYPE = YES_ERROR;
				GCC_WARN_UNDECLARED_SELECTOR = YES;
				GCC_WARN_UNINITIALIZED_AUTOS = YES_AGGRESSIVE;
				GCC_WARN_UNUSED_FUNCTION = YES;
				GCC_WARN_UNUSED_VARIABLE = YES;
				IPHONEOS_DEPLOYMENT_TARGET = 14.5;
				MTL_ENABLE_DEBUG_INFO = NO;
				MTL_FAST_MATH = YES;
				SDKROOT = iphoneos;
				SWIFT_COMPILATION_MODE = wholemodule;
				SWIFT_OPTIMIZATION_LEVEL = "-O";
				VALIDATE_PRODUCT = YES;
			};
			name = Release;
		};
		9860A0F52699CF200026FDC8 /* Debug */ = {
			isa = XCBuildConfiguration;
			buildSettings = {
				ASSETCATALOG_COMPILER_APPICON_NAME = AppIcon;
				ASSETCATALOG_COMPILER_GLOBAL_ACCENT_COLOR_NAME = AccentColor;
				CODE_SIGN_STYLE = Automatic;
				INFOPLIST_FILE = MusicIZ/Info.plist;
				LD_RUNPATH_SEARCH_PATHS = (
					"$(inherited)",
					"@executable_path/Frameworks",
				);
				PRODUCT_BUNDLE_IDENTIFIER = com.yourcompany.MusicIZ;
				PRODUCT_NAME = "$(TARGET_NAME)";
				SWIFT_VERSION = 5.0;
				TARGETED_DEVICE_FAMILY = "1,2";
			};
			name = Debug;
		};
		9860A0F62699CF200026FDC8 /* Release */ = {
			isa = XCBuildConfiguration;
			buildSettings = {
				ASSETCATALOG_COMPILER_APPICON_NAME = AppIcon;
				ASSETCATALOG_COMPILER_GLOBAL_ACCENT_COLOR_NAME = AccentColor;
				CODE_SIGN_STYLE = Automatic;
				INFOPLIST_FILE = MusicIZ/Info.plist;
				LD_RUNPATH_SEARCH_PATHS = (
					"$(inherited)",
					"@executable_path/Frameworks",
				);
				PRODUCT_BUNDLE_IDENTIFIER = com.yourcompany.MusicIZ;
				PRODUCT_NAME = "$(TARGET_NAME)";
				SWIFT_VERSION = 5.0;
				TARGETED_DEVICE_FAMILY = "1,2";
			};
			name = Release;
		};
/* End XCBuildConfiguration section */

/* Begin XCConfigurationList section */
		9860A0D82699CF1F0026FDC8 /* Build configuration list for PBXProject "MusicIZ" */ = {
			isa = XCConfigurationList;
			buildConfigurations = (
				9860A0F22699CF200026FDC8 /* Debug */,
				9860A0F32699CF200026FDC8 /* Release */,
			);
			defaultConfigurationIsVisible = 0;
			defaultConfigurationName = Release;
		};
		9860A0F42699CF200026FDC8 /* Build configuration list for PBXNativeTarget "MusicIZ" */ = {
			isa = XCConfigurationList;
			buildConfigurations = (
				9860A0F52699CF200026FDC8 /* Debug */,
				9860A0F62699CF200026FDC8 /* Release */,
			);
			defaultConfigurationIsVisible = 0;
			defaultConfigurationName = Release;
		};
/* End XCConfigurationList section */

/* Begin XCVersionGroup section */
		9860A0E92699CF1F0026FDC8 /* MusicIZ.xcdatamodeld */ = {
			isa = XCVersionGroup;
			children = (
				9860A0EA2699CF1F0026FDC8 /* MusicIZ.xcdatamodel */,
			);
			currentVersion = 9860A0EA2699CF1F0026FDC8 /* MusicIZ.xcdatamodel */;
			path = MusicIZ.xcdatamodeld;
			sourceTree = "<group>";
			versionGroupType = wrapper.xcdatamodel;
		};
/* End XCVersionGroup section */
	};
	rootObject = 9860A0D52699CF1F0026FDC8 /* Project object */;
}
