// !$*UTF8*$!
{
	archiveVersion = 1;
	classes = {
	};
	objectVersion = 51;
	objects = {

/* Begin PBXBuildFile section */
		03A5AA51AA22D24E30D37D9F /* Pods_MovieProject.framework in Frameworks */ = {isa = PBXBuildFile; fileRef = 11F8C878AD556B9570F3BD3C /* Pods_MovieProject.framework */; };
		982DFD2C269FC668002CC641 /* AppDelegate.swift in Sources */ = {isa = PBXBuildFile; fileRef = 982DFD2B269FC668002CC641 /* AppDelegate.swift */; };
		982DFD2E269FC668002CC641 /* SceneDelegate.swift in Sources */ = {isa = PBXBuildFile; fileRef = 982DFD2D269FC668002CC641 /* SceneDelegate.swift */; };
		982DFD30269FC668002CC641 /* ViewController.swift in Sources */ = {isa = PBXBuildFile; fileRef = 982DFD2F269FC668002CC641 /* ViewController.swift */; };
		982DFD33269FC668002CC641 /* Main.storyboard in Resources */ = {isa = PBXBuildFile; fileRef = 982DFD31269FC668002CC641 /* Main.storyboard */; };
		982DFD36269FC668002CC641 /* MovieProject.xcdatamodeld in Sources */ = {isa = PBXBuildFile; fileRef = 982DFD34269FC668002CC641 /* MovieProject.xcdatamodeld */; };
		982DFD38269FC66A002CC641 /* Assets.xcassets in Resources */ = {isa = PBXBuildFile; fileRef = 982DFD37269FC66A002CC641 /* Assets.xcassets */; };
		982DFD3B269FC66A002CC641 /* LaunchScreen.storyboard in Resources */ = {isa = PBXBuildFile; fileRef = 982DFD39269FC66A002CC641 /* LaunchScreen.storyboard */; };
		982DFD43269FC6B9002CC641 /* GoogleService-Info.plist in Resources */ = {isa = PBXBuildFile; fileRef = 982DFD42269FC6B9002CC641 /* GoogleService-Info.plist */; };
		982DFD45269FFA63002CC641 /* SignUpViewController.swift in Sources */ = {isa = PBXBuildFile; fileRef = 982DFD44269FFA63002CC641 /* SignUpViewController.swift */; };
		982DFD47269FFCCE002CC641 /* LoginViewController.swift in Sources */ = {isa = PBXBuildFile; fileRef = 982DFD46269FFCCE002CC641 /* LoginViewController.swift */; };
		982DFD4926A010A8002CC641 /* HomeViewController.swift in Sources */ = {isa = PBXBuildFile; fileRef = 982DFD4826A010A8002CC641 /* HomeViewController.swift */; };
/* End PBXBuildFile section */

/* Begin PBXFileReference section */
		11F8C878AD556B9570F3BD3C /* Pods_MovieProject.framework */ = {isa = PBXFileReference; explicitFileType = wrapper.framework; includeInIndex = 0; path = Pods_MovieProject.framework; sourceTree = BUILT_PRODUCTS_DIR; };
		36E55E7558AF2BA6D751FB57 /* Pods-MovieProject.debug.xcconfig */ = {isa = PBXFileReference; includeInIndex = 1; lastKnownFileType = text.xcconfig; name = "Pods-MovieProject.debug.xcconfig"; path = "Target Support Files/Pods-MovieProject/Pods-MovieProject.debug.xcconfig"; sourceTree = "<group>"; };
		982DFD28269FC668002CC641 /* MovieProject.app */ = {isa = PBXFileReference; explicitFileType = wrapper.application; includeInIndex = 0; path = MovieProject.app; sourceTree = BUILT_PRODUCTS_DIR; };
		982DFD2B269FC668002CC641 /* AppDelegate.swift */ = {isa = PBXFileReference; lastKnownFileType = sourcecode.swift; path = AppDelegate.swift; sourceTree = "<group>"; };
		982DFD2D269FC668002CC641 /* SceneDelegate.swift */ = {isa = PBXFileReference; lastKnownFileType = sourcecode.swift; path = SceneDelegate.swift; sourceTree = "<group>"; };
		982DFD2F269FC668002CC641 /* ViewController.swift */ = {isa = PBXFileReference; lastKnownFileType = sourcecode.swift; path = ViewController.swift; sourceTree = "<group>"; };
		982DFD32269FC668002CC641 /* Base */ = {isa = PBXFileReference; lastKnownFileType = file.storyboard; name = Base; path = Base.lproj/Main.storyboard; sourceTree = "<group>"; };
		982DFD35269FC668002CC641 /* MovieProject.xcdatamodel */ = {isa = PBXFileReference; lastKnownFileType = wrapper.xcdatamodel; path = MovieProject.xcdatamodel; sourceTree = "<group>"; };
		982DFD37269FC66A002CC641 /* Assets.xcassets */ = {isa = PBXFileReference; lastKnownFileType = folder.assetcatalog; path = Assets.xcassets; sourceTree = "<group>"; };
		982DFD3A269FC66A002CC641 /* Base */ = {isa = PBXFileReference; lastKnownFileType = file.storyboard; name = Base; path = Base.lproj/LaunchScreen.storyboard; sourceTree = "<group>"; };
		982DFD3C269FC66A002CC641 /* Info.plist */ = {isa = PBXFileReference; lastKnownFileType = text.plist.xml; path = Info.plist; sourceTree = "<group>"; };
		982DFD42269FC6B9002CC641 /* GoogleService-Info.plist */ = {isa = PBXFileReference; fileEncoding = 4; lastKnownFileType = text.plist.xml; path = "GoogleService-Info.plist"; sourceTree = "<group>"; };
		982DFD44269FFA63002CC641 /* SignUpViewController.swift */ = {isa = PBXFileReference; lastKnownFileType = sourcecode.swift; path = SignUpViewController.swift; sourceTree = "<group>"; };
		982DFD46269FFCCE002CC641 /* LoginViewController.swift */ = {isa = PBXFileReference; lastKnownFileType = sourcecode.swift; path = LoginViewController.swift; sourceTree = "<group>"; };
		982DFD4826A010A8002CC641 /* HomeViewController.swift */ = {isa = PBXFileReference; lastKnownFileType = sourcecode.swift; path = HomeViewController.swift; sourceTree = "<group>"; };
		D18EE0DB8C87CB23A700F459 /* Pods-MovieProject.release.xcconfig */ = {isa = PBXFileReference; includeInIndex = 1; lastKnownFileType = text.xcconfig; name = "Pods-MovieProject.release.xcconfig"; path = "Target Support Files/Pods-MovieProject/Pods-MovieProject.release.xcconfig"; sourceTree = "<group>"; };
/* End PBXFileReference section */

/* Begin PBXFrameworksBuildPhase section */
		982DFD25269FC668002CC641 /* Frameworks */ = {
			isa = PBXFrameworksBuildPhase;
			buildActionMask = 2147483647;
			files = (
				03A5AA51AA22D24E30D37D9F /* Pods_MovieProject.framework in Frameworks */,
			);
			runOnlyForDeploymentPostprocessing = 0;
		};
/* End PBXFrameworksBuildPhase section */

/* Begin PBXGroup section */
		1445317FCBAEF1495454F8CF /* Pods */ = {
			isa = PBXGroup;
			children = (
				36E55E7558AF2BA6D751FB57 /* Pods-MovieProject.debug.xcconfig */,
				D18EE0DB8C87CB23A700F459 /* Pods-MovieProject.release.xcconfig */,
			);
			path = Pods;
			sourceTree = "<group>";
		};
		4CC2F31818479657BC8DF4EF /* Frameworks */ = {
			isa = PBXGroup;
			children = (
				11F8C878AD556B9570F3BD3C /* Pods_MovieProject.framework */,
			);
			name = Frameworks;
			sourceTree = "<group>";
		};
		982DFD1F269FC668002CC641 = {
			isa = PBXGroup;
			children = (
				982DFD2A269FC668002CC641 /* MovieProject */,
				982DFD29269FC668002CC641 /* Products */,
				1445317FCBAEF1495454F8CF /* Pods */,
				4CC2F31818479657BC8DF4EF /* Frameworks */,
			);
			sourceTree = "<group>";
		};
		982DFD29269FC668002CC641 /* Products */ = {
			isa = PBXGroup;
			children = (
				982DFD28269FC668002CC641 /* MovieProject.app */,
			);
			name = Products;
			sourceTree = "<group>";
		};
		982DFD2A269FC668002CC641 /* MovieProject */ = {
			isa = PBXGroup;
			children = (
				982DFD2B269FC668002CC641 /* AppDelegate.swift */,
				982DFD2D269FC668002CC641 /* SceneDelegate.swift */,
				982DFD4A26A010CB002CC641 /* View Controllers */,
				982DFD31269FC668002CC641 /* Main.storyboard */,
				982DFD37269FC66A002CC641 /* Assets.xcassets */,
				982DFD39269FC66A002CC641 /* LaunchScreen.storyboard */,
				982DFD3C269FC66A002CC641 /* Info.plist */,
				982DFD42269FC6B9002CC641 /* GoogleService-Info.plist */,
				982DFD34269FC668002CC641 /* MovieProject.xcdatamodeld */,
			);
			path = MovieProject;
			sourceTree = "<group>";
		};
		982DFD4A26A010CB002CC641 /* View Controllers */ = {
			isa = PBXGroup;
			children = (
				982DFD44269FFA63002CC641 /* SignUpViewController.swift */,
				982DFD46269FFCCE002CC641 /* LoginViewController.swift */,
				982DFD4826A010A8002CC641 /* HomeViewController.swift */,
				982DFD2F269FC668002CC641 /* ViewController.swift */,
			);
			path = "View Controllers";
			sourceTree = "<group>";
		};
/* End PBXGroup section */

/* Begin PBXNativeTarget section */
		982DFD27269FC668002CC641 /* MovieProject */ = {
			isa = PBXNativeTarget;
			buildConfigurationList = 982DFD3F269FC66A002CC641 /* Build configuration list for PBXNativeTarget "MovieProject" */;
			buildPhases = (
				10F074E4E1E88A0E4A55416A /* [CP] Check Pods Manifest.lock */,
				982DFD24269FC668002CC641 /* Sources */,
				982DFD25269FC668002CC641 /* Frameworks */,
				982DFD26269FC668002CC641 /* Resources */,
				51A41A16732A99EA95455563 /* [CP] Embed Pods Frameworks */,
			);
			buildRules = (
			);
			dependencies = (
			);
			name = MovieProject;
			productName = MovieProject;
			productReference = 982DFD28269FC668002CC641 /* MovieProject.app */;
			productType = "com.apple.product-type.application";
		};
/* End PBXNativeTarget section */

/* Begin PBXProject section */
		982DFD20269FC668002CC641 /* Project object */ = {
			isa = PBXProject;
			attributes = {
				LastSwiftUpdateCheck = 1250;
				LastUpgradeCheck = 1250;
				TargetAttributes = {
					982DFD27269FC668002CC641 = {
						CreatedOnToolsVersion = 12.5.1;
					};
				};
			};
			buildConfigurationList = 982DFD23269FC668002CC641 /* Build configuration list for PBXProject "MovieProject" */;
			compatibilityVersion = "Xcode 9.3";
			developmentRegion = en;
			hasScannedForEncodings = 0;
			knownRegions = (
				en,
				Base,
			);
			mainGroup = 982DFD1F269FC668002CC641;
			productRefGroup = 982DFD29269FC668002CC641 /* Products */;
			projectDirPath = "";
			projectRoot = "";
			targets = (
				982DFD27269FC668002CC641 /* MovieProject */,
			);
		};
/* End PBXProject section */

/* Begin PBXResourcesBuildPhase section */
		982DFD26269FC668002CC641 /* Resources */ = {
			isa = PBXResourcesBuildPhase;
			buildActionMask = 2147483647;
			files = (
				982DFD3B269FC66A002CC641 /* LaunchScreen.storyboard in Resources */,
				982DFD43269FC6B9002CC641 /* GoogleService-Info.plist in Resources */,
				982DFD38269FC66A002CC641 /* Assets.xcassets in Resources */,
				982DFD33269FC668002CC641 /* Main.storyboard in Resources */,
			);
			runOnlyForDeploymentPostprocessing = 0;
		};
/* End PBXResourcesBuildPhase section */

/* Begin PBXShellScriptBuildPhase section */
		10F074E4E1E88A0E4A55416A /* [CP] Check Pods Manifest.lock */ = {
			isa = PBXShellScriptBuildPhase;
			buildActionMask = 2147483647;
			files = (
			);
			inputFileListPaths = (
			);
			inputPaths = (
				"${PODS_PODFILE_DIR_PATH}/Podfile.lock",
				"${PODS_ROOT}/Manifest.lock",
			);
			name = "[CP] Check Pods Manifest.lock";
			outputFileListPaths = (
			);
			outputPaths = (
				"$(DERIVED_FILE_DIR)/Pods-MovieProject-checkManifestLockResult.txt",
			);
			runOnlyForDeploymentPostprocessing = 0;
			shellPath = /bin/sh;
			shellScript = "diff \"${PODS_PODFILE_DIR_PATH}/Podfile.lock\" \"${PODS_ROOT}/Manifest.lock\" > /dev/null\nif [ $? != 0 ] ; then\n    # print error to STDERR\n    echo \"error: The sandbox is not in sync with the Podfile.lock. Run 'pod install' or update your CocoaPods installation.\" >&2\n    exit 1\nfi\n# This output is used by Xcode 'outputs' to avoid re-running this script phase.\necho \"SUCCESS\" > \"${SCRIPT_OUTPUT_FILE_0}\"\n";
			showEnvVarsInLog = 0;
		};
		51A41A16732A99EA95455563 /* [CP] Embed Pods Frameworks */ = {
			isa = PBXShellScriptBuildPhase;
			buildActionMask = 2147483647;
			files = (
			);
			inputFileListPaths = (
				"${PODS_ROOT}/Target Support Files/Pods-MovieProject/Pods-MovieProject-frameworks-${CONFIGURATION}-input-files.xcfilelist",
			);
			name = "[CP] Embed Pods Frameworks";
			outputFileListPaths = (
				"${PODS_ROOT}/Target Support Files/Pods-MovieProject/Pods-MovieProject-frameworks-${CONFIGURATION}-output-files.xcfilelist",
			);
			runOnlyForDeploymentPostprocessing = 0;
			shellPath = /bin/sh;
			shellScript = "\"${PODS_ROOT}/Target Support Files/Pods-MovieProject/Pods-MovieProject-frameworks.sh\"\n";
			showEnvVarsInLog = 0;
		};
/* End PBXShellScriptBuildPhase section */

/* Begin PBXSourcesBuildPhase section */
		982DFD24269FC668002CC641 /* Sources */ = {
			isa = PBXSourcesBuildPhase;
			buildActionMask = 2147483647;
			files = (
				982DFD47269FFCCE002CC641 /* LoginViewController.swift in Sources */,
				982DFD36269FC668002CC641 /* MovieProject.xcdatamodeld in Sources */,
				982DFD30269FC668002CC641 /* ViewController.swift in Sources */,
				982DFD2C269FC668002CC641 /* AppDelegate.swift in Sources */,
				982DFD2E269FC668002CC641 /* SceneDelegate.swift in Sources */,
				982DFD4926A010A8002CC641 /* HomeViewController.swift in Sources */,
				982DFD45269FFA63002CC641 /* SignUpViewController.swift in Sources */,
			);
			runOnlyForDeploymentPostprocessing = 0;
		};
/* End PBXSourcesBuildPhase section */

/* Begin PBXVariantGroup section */
		982DFD31269FC668002CC641 /* Main.storyboard */ = {
			isa = PBXVariantGroup;
			children = (
				982DFD32269FC668002CC641 /* Base */,
			);
			name = Main.storyboard;
			sourceTree = "<group>";
		};
		982DFD39269FC66A002CC641 /* LaunchScreen.storyboard */ = {
			isa = PBXVariantGroup;
			children = (
				982DFD3A269FC66A002CC641 /* Base */,
			);
			name = LaunchScreen.storyboard;
			sourceTree = "<group>";
		};
/* End PBXVariantGroup section */

/* Begin XCBuildConfiguration section */
		982DFD3D269FC66A002CC641 /* Debug */ = {
			isa = XCBuildConfiguration;
			buildSettings = {
				ALWAYS_SEARCH_USER_PATHS = NO;
				CLANG_ANALYZER_NONNULL = YES;
				CLANG_ANALYZER_NUMBER_OBJECT_CONVERSION = YES_AGGRESSIVE;
				CLANG_CXX_LANGUAGE_STANDARD = "gnu++14";
				CLANG_CXX_LIBRARY = "libc++";
				CLANG_ENABLE_MODULES = YES;
				CLANG_ENABLE_OBJC_ARC = YES;
				CLANG_ENABLE_OBJC_WEAK = YES;
				CLANG_WARN_BLOCK_CAPTURE_AUTORELEASING = YES;
				CLANG_WARN_BOOL_CONVERSION = YES;
				CLANG_WARN_COMMA = YES;
				CLANG_WARN_CONSTANT_CONVERSION = YES;
				CLANG_WARN_DEPRECATED_OBJC_IMPLEMENTATIONS = YES;
				CLANG_WARN_DIRECT_OBJC_ISA_USAGE = YES_ERROR;
				CLANG_WARN_DOCUMENTATION_COMMENTS = YES;
				CLANG_WARN_EMPTY_BODY = YES;
				CLANG_WARN_ENUM_CONVERSION = YES;
				CLANG_WARN_INFINITE_RECURSION = YES;
				CLANG_WARN_INT_CONVERSION = YES;
				CLANG_WARN_NON_LITERAL_NULL_CONVERSION = YES;
				CLANG_WARN_OBJC_IMPLICIT_RETAIN_SELF = YES;
				CLANG_WARN_OBJC_LITERAL_CONVERSION = YES;
				CLANG_WARN_OBJC_ROOT_CLASS = YES_ERROR;
				CLANG_WARN_QUOTED_INCLUDE_IN_FRAMEWORK_HEADER = YES;
				CLANG_WARN_RANGE_LOOP_ANALYSIS = YES;
				CLANG_WARN_STRICT_PROTOTYPES = YES;
				CLANG_WARN_SUSPICIOUS_MOVE = YES;
				CLANG_WARN_UNGUARDED_AVAILABILITY = YES_AGGRESSIVE;
				CLANG_WARN_UNREACHABLE_CODE = YES;
				CLANG_WARN__DUPLICATE_METHOD_MATCH = YES;
				COPY_PHASE_STRIP = NO;
				DEBUG_INFORMATION_FORMAT = dwarf;
				ENABLE_STRICT_OBJC_MSGSEND = YES;
				ENABLE_TESTABILITY = YES;
				GCC_C_LANGUAGE_STANDARD = gnu11;
				GCC_DYNAMIC_NO_PIC = NO;
				GCC_NO_COMMON_BLOCKS = YES;
				GCC_OPTIMIZATION_LEVEL = 0;
				GCC_PREPROCESSOR_DEFINITIONS = (
					"DEBUG=1",
					"$(inherited)",
				);
				GCC_WARN_64_TO_32_BIT_CONVERSION = YES;
				GCC_WARN_ABOUT_RETURN_TYPE = YES_ERROR;
				GCC_WARN_UNDECLARED_SELECTOR = YES;
				GCC_WARN_UNINITIALIZED_AUTOS = YES_AGGRESSIVE;
				GCC_WARN_UNUSED_FUNCTION = YES;
				GCC_WARN_UNUSED_VARIABLE = YES;
				IPHONEOS_DEPLOYMENT_TARGET = 14.5;
				MTL_ENABLE_DEBUG_INFO = INCLUDE_SOURCE;
				MTL_FAST_MATH = YES;
				ONLY_ACTIVE_ARCH = YES;
				SDKROOT = iphoneos;
				SWIFT_ACTIVE_COMPILATION_CONDITIONS = DEBUG;
				SWIFT_OPTIMIZATION_LEVEL = "-Onone";
			};
			name = Debug;
		};
		982DFD3E269FC66A002CC641 /* Release */ = {
			isa = XCBuildConfiguration;
			buildSettings = {
				ALWAYS_SEARCH_USER_PATHS = NO;
				CLANG_ANALYZER_NONNULL = YES;
				CLANG_ANALYZER_NUMBER_OBJECT_CONVERSION = YES_AGGRESSIVE;
				CLANG_CXX_LANGUAGE_STANDARD = "gnu++14";
				CLANG_CXX_LIBRARY = "libc++";
				CLANG_ENABLE_MODULES = YES;
				CLANG_ENABLE_OBJC_ARC = YES;
				CLANG_ENABLE_OBJC_WEAK = YES;
				CLANG_WARN_BLOCK_CAPTURE_AUTORELEASING = YES;
				CLANG_WARN_BOOL_CONVERSION = YES;
				CLANG_WARN_COMMA = YES;
				CLANG_WARN_CONSTANT_CONVERSION = YES;
				CLANG_WARN_DEPRECATED_OBJC_IMPLEMENTATIONS = YES;
				CLANG_WARN_DIRECT_OBJC_ISA_USAGE = YES_ERROR;
				CLANG_WARN_DOCUMENTATION_COMMENTS = YES;
				CLANG_WARN_EMPTY_BODY = YES;
				CLANG_WARN_ENUM_CONVERSION = YES;
				CLANG_WARN_INFINITE_RECURSION = YES;
				CLANG_WARN_INT_CONVERSION = YES;
				CLANG_WARN_NON_LITERAL_NULL_CONVERSION = YES;
				CLANG_WARN_OBJC_IMPLICIT_RETAIN_SELF = YES;
				CLANG_WARN_OBJC_LITERAL_CONVERSION = YES;
				CLANG_WARN_OBJC_ROOT_CLASS = YES_ERROR;
				CLANG_WARN_QUOTED_INCLUDE_IN_FRAMEWORK_HEADER = YES;
				CLANG_WARN_RANGE_LOOP_ANALYSIS = YES;
				CLANG_WARN_STRICT_PROTOTYPES = YES;
				CLANG_WARN_SUSPICIOUS_MOVE = YES;
				CLANG_WARN_UNGUARDED_AVAILABILITY = YES_AGGRESSIVE;
				CLANG_WARN_UNREACHABLE_CODE = YES;
				CLANG_WARN__DUPLICATE_METHOD_MATCH = YES;
				COPY_PHASE_STRIP = NO;
				DEBUG_INFORMATION_FORMAT = "dwarf-with-dsym";
				ENABLE_NS_ASSERTIONS = NO;
				ENABLE_STRICT_OBJC_MSGSEND = YES;
				GCC_C_LANGUAGE_STANDARD = gnu11;
				GCC_NO_COMMON_BLOCKS = YES;
				GCC_WARN_64_TO_32_BIT_CONVERSION = YES;
				GCC_WARN_ABOUT_RETURN_TYPE = YES_ERROR;
				GCC_WARN_UNDECLARED_SELECTOR = YES;
				GCC_WARN_UNINITIALIZED_AUTOS = YES_AGGRESSIVE;
				GCC_WARN_UNUSED_FUNCTION = YES;
				GCC_WARN_UNUSED_VARIABLE = YES;
				IPHONEOS_DEPLOYMENT_TARGET = 14.5;
				MTL_ENABLE_DEBUG_INFO = NO;
				MTL_FAST_MATH = YES;
				SDKROOT = iphoneos;
				SWIFT_COMPILATION_MODE = wholemodule;
				SWIFT_OPTIMIZATION_LEVEL = "-O";
				VALIDATE_PRODUCT = YES;
			};
			name = Release;
		};
		982DFD40269FC66A002CC641 /* Debug */ = {
			isa = XCBuildConfiguration;
			baseConfigurationReference = 36E55E7558AF2BA6D751FB57 /* Pods-MovieProject.debug.xcconfig */;
			buildSettings = {
				ASSETCATALOG_COMPILER_APPICON_NAME = AppIcon;
				ASSETCATALOG_COMPILER_GLOBAL_ACCENT_COLOR_NAME = AccentColor;
				CODE_SIGN_STYLE = Automatic;
				INFOPLIST_FILE = MovieProject/Info.plist;
				LD_RUNPATH_SEARCH_PATHS = (
					"$(inherited)",
					"@executable_path/Frameworks",
				);
				PRODUCT_BUNDLE_IDENTIFIER = com.yourcompany.MovieProject;
				PRODUCT_NAME = "$(TARGET_NAME)";
				SWIFT_VERSION = 5.0;
				TARGETED_DEVICE_FAMILY = "1,2";
			};
			name = Debug;
		};
		982DFD41269FC66A002CC641 /* Release */ = {
			isa = XCBuildConfiguration;
			baseConfigurationReference = D18EE0DB8C87CB23A700F459 /* Pods-MovieProject.release.xcconfig */;
			buildSettings = {
				ASSETCATALOG_COMPILER_APPICON_NAME = AppIcon;
				ASSETCATALOG_COMPILER_GLOBAL_ACCENT_COLOR_NAME = AccentColor;
				CODE_SIGN_STYLE = Automatic;
				INFOPLIST_FILE = MovieProject/Info.plist;
				LD_RUNPATH_SEARCH_PATHS = (
					"$(inherited)",
					"@executable_path/Frameworks",
				);
				PRODUCT_BUNDLE_IDENTIFIER = com.yourcompany.MovieProject;
				PRODUCT_NAME = "$(TARGET_NAME)";
				SWIFT_VERSION = 5.0;
				TARGETED_DEVICE_FAMILY = "1,2";
			};
			name = Release;
		};
/* End XCBuildConfiguration section */

/* Begin XCConfigurationList section */
		982DFD23269FC668002CC641 /* Build configuration list for PBXProject "MovieProject" */ = {
			isa = XCConfigurationList;
			buildConfigurations = (
				982DFD3D269FC66A002CC641 /* Debug */,
				982DFD3E269FC66A002CC641 /* Release */,
			);
			defaultConfigurationIsVisible = 0;
			defaultConfigurationName = Release;
		};
		982DFD3F269FC66A002CC641 /* Build configuration list for PBXNativeTarget "MovieProject" */ = {
			isa = XCConfigurationList;
			buildConfigurations = (
				982DFD40269FC66A002CC641 /* Debug */,
				982DFD41269FC66A002CC641 /* Release */,
			);
			defaultConfigurationIsVisible = 0;
			defaultConfigurationName = Release;
		};
/* End XCConfigurationList section */

/* Begin XCVersionGroup section */
		982DFD34269FC668002CC641 /* MovieProject.xcdatamodeld */ = {
			isa = XCVersionGroup;
			children = (
				982DFD35269FC668002CC641 /* MovieProject.xcdatamodel */,
			);
			currentVersion = 982DFD35269FC668002CC641 /* MovieProject.xcdatamodel */;
			path = MovieProject.xcdatamodeld;
			sourceTree = "<group>";
			versionGroupType = wrapper.xcdatamodel;
		};
/* End XCVersionGroup section */
	};
	rootObject = 982DFD20269FC668002CC641 /* Project object */;
}
